// !$*UTF8*$!
{
	archiveVersion = 1;
	classes = {
	};
	objectVersion = 46;
	objects = {

/* Begin PBXBuildFile section */
		DA7A953D19C7A30600B90CB4 /* WelcomeViewController.swift in Sources */ = {isa = PBXBuildFile; fileRef = DA7A953C19C7A30600B90CB4 /* WelcomeViewController.swift */; };
		DA7A953F19C7A89200B90CB4 /* photoViewController.swift in Sources */ = {isa = PBXBuildFile; fileRef = DA7A953E19C7A89200B90CB4 /* photoViewController.swift */; };
		DA7A954119C7AB1100B90CB4 /* settingsViewController.swift in Sources */ = {isa = PBXBuildFile; fileRef = DA7A954019C7AB1100B90CB4 /* settingsViewController.swift */; };
		DA7A954319C7B36300B90CB4 /* convoViewController.swift in Sources */ = {isa = PBXBuildFile; fileRef = DA7A954219C7B36300B90CB4 /* convoViewController.swift */; };
		DAFF356119C742FC0097E984 /* AppDelegate.swift in Sources */ = {isa = PBXBuildFile; fileRef = DAFF356019C742FC0097E984 /* AppDelegate.swift */; };
		DAFF356319C742FC0097E984 /* ViewController.swift in Sources */ = {isa = PBXBuildFile; fileRef = DAFF356219C742FC0097E984 /* ViewController.swift */; };
		DAFF356819C742FC0097E984 /* Images.xcassets in Resources */ = {isa = PBXBuildFile; fileRef = DAFF356719C742FC0097E984 /* Images.xcassets */; };
		DAFF357419C742FC0097E984 /* DropboxTests.swift in Sources */ = {isa = PBXBuildFile; fileRef = DAFF357319C742FC0097E984 /* DropboxTests.swift */; };
		DAFF357F19C7454E0097E984 /* LoginInitViewController.swift in Sources */ = {isa = PBXBuildFile; fileRef = DAFF357E19C7454E0097E984 /* LoginInitViewController.swift */; };
		DAFF358119C7528A0097E984 /* LoginFormViewController.swift in Sources */ = {isa = PBXBuildFile; fileRef = DAFF358019C7528A0097E984 /* LoginFormViewController.swift */; };
/* End PBXBuildFile section */

/* Begin PBXContainerItemProxy section */
		DAFF356E19C742FC0097E984 /* PBXContainerItemProxy */ = {
			isa = PBXContainerItemProxy;
			containerPortal = DAFF355319C742FC0097E984 /* Project object */;
			proxyType = 1;
			remoteGlobalIDString = DAFF355A19C742FC0097E984;
			remoteInfo = Dropbox;
		};
/* End PBXContainerItemProxy section */

/* Begin PBXFileReference section */
		DA7A953C19C7A30600B90CB4 /* WelcomeViewController.swift */ = {isa = PBXFileReference; fileEncoding = 4; lastKnownFileType = sourcecode.swift; path = WelcomeViewController.swift; sourceTree = "<group>"; };
		DA7A953E19C7A89200B90CB4 /* photoViewController.swift */ = {isa = PBXFileReference; fileEncoding = 4; lastKnownFileType = sourcecode.swift; path = photoViewController.swift; sourceTree = "<group>"; };
		DA7A954019C7AB1100B90CB4 /* settingsViewController.swift */ = {isa = PBXFileReference; fileEncoding = 4; lastKnownFileType = sourcecode.swift; path = settingsViewController.swift; sourceTree = "<group>"; };
		DA7A954219C7B36300B90CB4 /* convoViewController.swift */ = {isa = PBXFileReference; fileEncoding = 4; lastKnownFileType = sourcecode.swift; path = convoViewController.swift; sourceTree = "<group>"; };
		DAFF355B19C742FC0097E984 /* Dropbox.app */ = {isa = PBXFileReference; explicitFileType = wrapper.application; includeInIndex = 0; path = Dropbox.app; sourceTree = BUILT_PRODUCTS_DIR; };
		DAFF355F19C742FC0097E984 /* Info.plist */ = {isa = PBXFileReference; lastKnownFileType = text.plist.xml; path = Info.plist; sourceTree = "<group>"; };
		DAFF356019C742FC0097E984 /* AppDelegate.swift */ = {isa = PBXFileReference; lastKnownFileType = sourcecode.swift; path = AppDelegate.swift; sourceTree = "<group>"; };
		DAFF356219C742FC0097E984 /* ViewController.swift */ = {isa = PBXFileReference; lastKnownFileType = sourcecode.swift; path = ViewController.swift; sourceTree = "<group>"; };
		DAFF356719C742FC0097E984 /* Images.xcassets */ = {isa = PBXFileReference; lastKnownFileType = folder.assetcatalog; path = Images.xcassets; sourceTree = "<group>"; };
		DAFF356D19C742FC0097E984 /* DropboxTests.xctest */ = {isa = PBXFileReference; explicitFileType = wrapper.cfbundle; includeInIndex = 0; path = DropboxTests.xctest; sourceTree = BUILT_PRODUCTS_DIR; };
		DAFF357219C742FC0097E984 /* Info.plist */ = {isa = PBXFileReference; lastKnownFileType = text.plist.xml; path = Info.plist; sourceTree = "<group>"; };
		DAFF357319C742FC0097E984 /* DropboxTests.swift */ = {isa = PBXFileReference; lastKnownFileType = sourcecode.swift; path = DropboxTests.swift; sourceTree = "<group>"; };
		DAFF357E19C7454E0097E984 /* LoginInitViewController.swift */ = {isa = PBXFileReference; fileEncoding = 4; lastKnownFileType = sourcecode.swift; path = LoginInitViewController.swift; sourceTree = "<group>"; };
		DAFF358019C7528A0097E984 /* LoginFormViewController.swift */ = {isa = PBXFileReference; fileEncoding = 4; lastKnownFileType = sourcecode.swift; path = LoginFormViewController.swift; sourceTree = "<group>"; };
/* End PBXFileReference section */

/* Begin PBXFrameworksBuildPhase section */
		DAFF355819C742FC0097E984 /* Frameworks */ = {
			isa = PBXFrameworksBuildPhase;
			buildActionMask = 2147483647;
			files = (
			);
			runOnlyForDeploymentPostprocessing = 0;
		};
		DAFF356A19C742FC0097E984 /* Frameworks */ = {
			isa = PBXFrameworksBuildPhase;
			buildActionMask = 2147483647;
			files = (
			);
			runOnlyForDeploymentPostprocessing = 0;
		};
/* End PBXFrameworksBuildPhase section */

/* Begin PBXGroup section */
		DAFF355219C742FC0097E984 = {
			isa = PBXGroup;
			children = (
				DAFF355D19C742FC0097E984 /* Dropbox */,
				DAFF357019C742FC0097E984 /* DropboxTests */,
				DAFF355C19C742FC0097E984 /* Products */,
			);
			sourceTree = "<group>";
		};
		DAFF355C19C742FC0097E984 /* Products */ = {
			isa = PBXGroup;
			children = (
				DAFF355B19C742FC0097E984 /* Dropbox.app */,
				DAFF356D19C742FC0097E984 /* DropboxTests.xctest */,
			);
			name = Products;
			sourceTree = "<group>";
		};
		DAFF355D19C742FC0097E984 /* Dropbox */ = {
			isa = PBXGroup;
			children = (
				DAFF357D19C745380097E984 /* ViewControllers */,
				DAFF356019C742FC0097E984 /* AppDelegate.swift */,
				DAFF356219C742FC0097E984 /* ViewController.swift */,
				DAFF356719C742FC0097E984 /* Images.xcassets */,
				DAFF355E19C742FC0097E984 /* Supporting Files */,
			);
			path = Dropbox;
			sourceTree = "<group>";
		};
		DAFF355E19C742FC0097E984 /* Supporting Files */ = {
			isa = PBXGroup;
			children = (
				DAFF355F19C742FC0097E984 /* Info.plist */,
			);
			name = "Supporting Files";
			sourceTree = "<group>";
		};
		DAFF357019C742FC0097E984 /* DropboxTests */ = {
			isa = PBXGroup;
			children = (
				DAFF357319C742FC0097E984 /* DropboxTests.swift */,
				DAFF357119C742FC0097E984 /* Supporting Files */,
			);
			path = DropboxTests;
			sourceTree = "<group>";
		};
		DAFF357119C742FC0097E984 /* Supporting Files */ = {
			isa = PBXGroup;
			children = (
				DAFF357219C742FC0097E984 /* Info.plist */,
			);
			name = "Supporting Files";
			sourceTree = "<group>";
		};
		DAFF357D19C745380097E984 /* ViewControllers */ = {
			isa = PBXGroup;
			children = (
				DAFF357E19C7454E0097E984 /* LoginInitViewController.swift */,
				DAFF358019C7528A0097E984 /* LoginFormViewController.swift */,
				DA7A953C19C7A30600B90CB4 /* WelcomeViewController.swift */,
				DA7A953E19C7A89200B90CB4 /* photoViewController.swift */,
				DA7A954019C7AB1100B90CB4 /* settingsViewController.swift */,
				DA7A954219C7B36300B90CB4 /* convoViewController.swift */,
			);
			name = ViewControllers;
			sourceTree = "<group>";
		};
/* End PBXGroup section */

/* Begin PBXNativeTarget section */
		DAFF355A19C742FC0097E984 /* Dropbox */ = {
			isa = PBXNativeTarget;
			buildConfigurationList = DAFF357719C742FC0097E984 /* Build configuration list for PBXNativeTarget "Dropbox" */;
			buildPhases = (
				DAFF355719C742FC0097E984 /* Sources */,
				DAFF355819C742FC0097E984 /* Frameworks */,
				DAFF355919C742FC0097E984 /* Resources */,
			);
			buildRules = (
			);
			dependencies = (
			);
			name = Dropbox;
			productName = Dropbox;
			productReference = DAFF355B19C742FC0097E984 /* Dropbox.app */;
			productType = "com.apple.product-type.application";
		};
		DAFF356C19C742FC0097E984 /* DropboxTests */ = {
			isa = PBXNativeTarget;
			buildConfigurationList = DAFF357A19C742FC0097E984 /* Build configuration list for PBXNativeTarget "DropboxTests" */;
			buildPhases = (
				DAFF356919C742FC0097E984 /* Sources */,
				DAFF356A19C742FC0097E984 /* Frameworks */,
				DAFF356B19C742FC0097E984 /* Resources */,
			);
			buildRules = (
			);
			dependencies = (
				DAFF356F19C742FC0097E984 /* PBXTargetDependency */,
			);
			name = DropboxTests;
			productName = DropboxTests;
			productReference = DAFF356D19C742FC0097E984 /* DropboxTests.xctest */;
			productType = "com.apple.product-type.bundle.unit-test";
		};
/* End PBXNativeTarget section */

/* Begin PBXProject section */
		DAFF355319C742FC0097E984 /* Project object */ = {
			isa = PBXProject;
			attributes = {
				LastUpgradeCheck = 0600;
				ORGANIZATIONNAME = "Sheta Chatterjee";
				TargetAttributes = {
					DAFF355A19C742FC0097E984 = {
						CreatedOnToolsVersion = 6.0;
					};
					DAFF356C19C742FC0097E984 = {
						CreatedOnToolsVersion = 6.0;
						TestTargetID = DAFF355A19C742FC0097E984;
					};
				};
			};
			buildConfigurationList = DAFF355619C742FC0097E984 /* Build configuration list for PBXProject "Dropbox" */;
			compatibilityVersion = "Xcode 3.2";
			developmentRegion = English;
			hasScannedForEncodings = 0;
			knownRegions = (
				en,
				Base,
			);
			mainGroup = DAFF355219C742FC0097E984;
			productRefGroup = DAFF355C19C742FC0097E984 /* Products */;
			projectDirPath = "";
			projectRoot = "";
			targets = (
				DAFF355A19C742FC0097E984 /* Dropbox */,
				DAFF356C19C742FC0097E984 /* DropboxTests */,
			);
		};
/* End PBXProject section */

/* Begin PBXResourcesBuildPhase section */
		DAFF355919C742FC0097E984 /* Resources */ = {
			isa = PBXResourcesBuildPhase;
			buildActionMask = 2147483647;
			files = (
				DAFF356819C742FC0097E984 /* Images.xcassets in Resources */,
			);
			runOnlyForDeploymentPostprocessing = 0;
		};
		DAFF356B19C742FC0097E984 /* Resources */ = {
			isa = PBXResourcesBuildPhase;
			buildActionMask = 2147483647;
			files = (
			);
			runOnlyForDeploymentPostprocessing = 0;
		};
/* End PBXResourcesBuildPhase section */

/* Begin PBXSourcesBuildPhase section */
		DAFF355719C742FC0097E984 /* Sources */ = {
			isa = PBXSourcesBuildPhase;
			buildActionMask = 2147483647;
			files = (
				DA7A954319C7B36300B90CB4 /* convoViewController.swift in Sources */,
				DAFF358119C7528A0097E984 /* LoginFormViewController.swift in Sources */,
				DA7A953F19C7A89200B90CB4 /* photoViewController.swift in Sources */,
				DA7A953D19C7A30600B90CB4 /* WelcomeViewController.swift in Sources */,
				DAFF356319C742FC0097E984 /* ViewController.swift in Sources */,
				DAFF357F19C7454E0097E984 /* LoginInitViewController.swift in Sources */,
				DAFF356119C742FC0097E984 /* AppDelegate.swift in Sources */,
				DA7A954119C7AB1100B90CB4 /* settingsViewController.swift in Sources */,
			);
			runOnlyForDeploymentPostprocessing = 0;
		};
		DAFF356919C742FC0097E984 /* Sources */ = {
			isa = PBXSourcesBuildPhase;
			buildActionMask = 2147483647;
			files = (
				DAFF357419C742FC0097E984 /* DropboxTests.swift in Sources */,
			);
			runOnlyForDeploymentPostprocessing = 0;
		};
/* End PBXSourcesBuildPhase section */

/* Begin PBXTargetDependency section */
		DAFF356F19C742FC0097E984 /* PBXTargetDependency */ = {
			isa = PBXTargetDependency;
			target = DAFF355A19C742FC0097E984 /* Dropbox */;
			targetProxy = DAFF356E19C742FC0097E984 /* PBXContainerItemProxy */;
		};
/* End PBXTargetDependency section */

/* Begin XCBuildConfiguration section */
		DAFF357519C742FC0097E984 /* Debug */ = {
			isa = XCBuildConfiguration;
			buildSettings = {
				ALWAYS_SEARCH_USER_PATHS = NO;
				CLANG_CXX_LANGUAGE_STANDARD = "gnu++0x";
				CLANG_CXX_LIBRARY = "libc++";
				CLANG_ENABLE_MODULES = YES;
				CLANG_ENABLE_OBJC_ARC = YES;
				CLANG_WARN_BOOL_CONVERSION = YES;
				CLANG_WARN_CONSTANT_CONVERSION = YES;
				CLANG_WARN_DIRECT_OBJC_ISA_USAGE = YES_ERROR;
				CLANG_WARN_EMPTY_BODY = YES;
				CLANG_WARN_ENUM_CONVERSION = YES;
				CLANG_WARN_INT_CONVERSION = YES;
				CLANG_WARN_OBJC_ROOT_CLASS = YES_ERROR;
				CLANG_WARN_UNREACHABLE_CODE = YES;
				CLANG_WARN__DUPLICATE_METHOD_MATCH = YES;
				"CODE_SIGN_IDENTITY[sdk=iphoneos*]" = "iPhone Developer";
				COPY_PHASE_STRIP = NO;
				ENABLE_STRICT_OBJC_MSGSEND = YES;
				GCC_C_LANGUAGE_STANDARD = gnu99;
				GCC_DYNAMIC_NO_PIC = NO;
				GCC_OPTIMIZATION_LEVEL = 0;
				GCC_PREPROCESSOR_DEFINITIONS = (
					"DEBUG=1",
					"$(inherited)",
				);
				GCC_SYMBOLS_PRIVATE_EXTERN = NO;
				GCC_WARN_64_TO_32_BIT_CONVERSION = YES;
				GCC_WARN_ABOUT_RETURN_TYPE = YES_ERROR;
				GCC_WARN_UNDECLARED_SELECTOR = YES;
				GCC_WARN_UNINITIALIZED_AUTOS = YES_AGGRESSIVE;
				GCC_WARN_UNUSED_FUNCTION = YES;
				GCC_WARN_UNUSED_VARIABLE = YES;
				IPHONEOS_DEPLOYMENT_TARGET = 8.0;
				MTL_ENABLE_DEBUG_INFO = YES;
				ONLY_ACTIVE_ARCH = YES;
				SDKROOT = iphoneos;
				SWIFT_OPTIMIZATION_LEVEL = "-Onone";
			};
			name = Debug;
		};
		DAFF357619C742FC0097E984 /* Release */ = {
			isa = XCBuildConfiguration;
			buildSettings = {
				ALWAYS_SEARCH_USER_PATHS = NO;
				CLANG_CXX_LANGUAGE_STANDARD = "gnu++0x";
				CLANG_CXX_LIBRARY = "libc++";
				CLANG_ENABLE_MODULES = YES;
				CLANG_ENABLE_OBJC_ARC = YES;
				CLANG_WARN_BOOL_CONVERSION = YES;
				CLANG_WARN_CONSTANT_CONVERSION = YES;
				CLANG_WARN_DIRECT_OBJC_ISA_USAGE = YES_ERROR;
				CLANG_WARN_EMPTY_BODY = YES;
				CLANG_WARN_ENUM_CONVERSION = YES;
				CLANG_WARN_INT_CONVERSION = YES;
				CLANG_WARN_OBJC_ROOT_CLASS = YES_ERROR;
				CLANG_WARN_UNREACHABLE_CODE = YES;
				CLANG_WARN__DUPLICATE_METHOD_MATCH = YES;
				"CODE_SIGN_IDENTITY[sdk=iphoneos*]" = "iPhone Developer";
				COPY_PHASE_STRIP = YES;
				ENABLE_NS_ASSERTIONS = NO;
				ENABLE_STRICT_OBJC_MSGSEND = YES;
				GCC_C_LANGUAGE_STANDARD = gnu99;
				GCC_WARN_64_TO_32_BIT_CONVERSION = YES;
				GCC_WARN_ABOUT_RETURN_TYPE = YES_ERROR;
				GCC_WARN_UNDECLARED_SELECTOR = YES;
				GCC_WARN_UNINITIALIZED_AUTOS = YES_AGGRESSIVE;
				GCC_WARN_UNUSED_FUNCTION = YES;
				GCC_WARN_UNUSED_VARIABLE = YES;
				IPHONEOS_DEPLOYMENT_TARGET = 8.0;
				MTL_ENABLE_DEBUG_INFO = NO;
				SDKROOT = iphoneos;
				VALIDATE_PRODUCT = YES;
			};
			name = Release;
		};
		DAFF357819C742FC0097E984 /* Debug */ = {
			isa = XCBuildConfiguration;
			buildSettings = {
				ASSETCATALOG_COMPILER_APPICON_NAME = AppIcon;
				ASSETCATALOG_COMPILER_LAUNCHIMAGE_NAME = LaunchImage;
				INFOPLIST_FILE = Dropbox/Info.plist;
				LD_RUNPATH_SEARCH_PATHS = "$(inherited) @executable_path/Frameworks";
				PRODUCT_NAME = "$(TARGET_NAME)";
			};
			name = Debug;
		};
		DAFF357919C742FC0097E984 /* Release */ = {
			isa = XCBuildConfiguration;
			buildSettings = {
				ASSETCATALOG_COMPILER_APPICON_NAME = AppIcon;
				ASSETCATALOG_COMPILER_LAUNCHIMAGE_NAME = LaunchImage;
				INFOPLIST_FILE = Dropbox/Info.plist;
				LD_RUNPATH_SEARCH_PATHS = "$(inherited) @executable_path/Frameworks";
				PRODUCT_NAME = "$(TARGET_NAME)";
			};
			name = Release;
		};
		DAFF357B19C742FC0097E984 /* Debug */ = {
			isa = XCBuildConfiguration;
			buildSettings = {
				BUNDLE_LOADER = "$(TEST_HOST)";
				FRAMEWORK_SEARCH_PATHS = (
					"$(SDKROOT)/Developer/Library/Frameworks",
					"$(inherited)",
				);
				GCC_PREPROCESSOR_DEFINITIONS = (
					"DEBUG=1",
					"$(inherited)",
				);
				INFOPLIST_FILE = DropboxTests/Info.plist;
				LD_RUNPATH_SEARCH_PATHS = "$(inherited) @executable_path/Frameworks @loader_path/Frameworks";
				PRODUCT_NAME = "$(TARGET_NAME)";
				TEST_HOST = "$(BUILT_PRODUCTS_DIR)/Dropbox.app/Dropbox";
			};
			name = Debug;
		};
		DAFF357C19C742FC0097E984 /* Release */ = {
			isa = XCBuildConfiguration;
			buildSettings = {
				BUNDLE_LOADER = "$(TEST_HOST)";
				FRAMEWORK_SEARCH_PATHS = (
					"$(SDKROOT)/Developer/Library/Frameworks",
					"$(inherited)",
				);
				INFOPLIST_FILE = DropboxTests/Info.plist;
				LD_RUNPATH_SEARCH_PATHS = "$(inherited) @executable_path/Frameworks @loader_path/Frameworks";
				PRODUCT_NAME = "$(TARGET_NAME)";
				TEST_HOST = "$(BUILT_PRODUCTS_DIR)/Dropbox.app/Dropbox";
			};
			name = Release;
		};
/* End XCBuildConfiguration section */

/* Begin XCConfigurationList section */
		DAFF355619C742FC0097E984 /* Build configuration list for PBXProject "Dropbox" */ = {
			isa = XCConfigurationList;
			buildConfigurations = (
				DAFF357519C742FC0097E984 /* Debug */,
				DAFF357619C742FC0097E984 /* Release */,
			);
			defaultConfigurationIsVisible = 0;
			defaultConfigurationName = Release;
		};
		DAFF357719C742FC0097E984 /* Build configuration list for PBXNativeTarget "Dropbox" */ = {
			isa = XCConfigurationList;
			buildConfigurations = (
				DAFF357819C742FC0097E984 /* Debug */,
				DAFF357919C742FC0097E984 /* Release */,
			);
			defaultConfigurationIsVisible = 0;
			defaultConfigurationName = Release;
		};
		DAFF357A19C742FC0097E984 /* Build configuration list for PBXNativeTarget "DropboxTests" */ = {
			isa = XCConfigurationList;
			buildConfigurations = (
				DAFF357B19C742FC0097E984 /* Debug */,
				DAFF357C19C742FC0097E984 /* Release */,
			);
			defaultConfigurationIsVisible = 0;
			defaultConfigurationName = Release;
		};
/* End XCConfigurationList section */
	};
	rootObject = DAFF355319C742FC0097E984 /* Project object */;
}
